
Microsoft Visual Studio Solution File, Format Version 12.00
# Visual Studio 15
VisualStudioVersion = 15.0.27703.2026
MinimumVisualStudioVersion = 10.0.40219.1
Project("{FAE04EC0-301F-11D3-BF4B-00C04F79EFBC}") = "MVCShopping.Web", "MVCShopping.Web\MVCShopping.Web.csproj", "{411093F0-2A31-4C8A-97FF-B0003D3B6115}"
EndProject
Project("{FAE04EC0-301F-11D3-BF4B-00C04F79EFBC}") = "MVCShopping.Tests", "MVCShopping.Tests\MVCShopping.Tests.csproj", "{EF5C7C7F-5F9F-48CF-B377-E7A7D5846529}"
EndProject
Project("{FAE04EC0-301F-11D3-BF4B-00C04F79EFBC}") = "MVCShopping.BLL", "MVCShopping.BLL\MVCShopping.BLL.csproj", "{865416D4-83FE-4982-B7A1-D1413C9529D4}"
EndProject
Project("{FAE04EC0-301F-11D3-BF4B-00C04F79EFBC}") = "MVCShopping.DAL", "MVCShopping.DAL\MVCShopping.DAL.csproj", "{54203C12-B4F1-408C-A9FA-D6EFE1424409}"
EndProject
Project("{FAE04EC0-301F-11D3-BF4B-00C04F79EFBC}") = "MVCShopping.Model", "MVCShopping.Model\MVCShopping.Model.csproj", "{26F449FC-2AB6-4333-BBBA-9A954B51FF99}"
EndProject
Project("{FAE04EC0-301F-11D3-BF4B-00C04F79EFBC}") = "MVCShopping.ViewModel", "MVCShopping.ViewModel\MVCShopping.ViewModel.csproj", "{8480FEA2-4A50-46F5-B293-985D25FCB45C}"
EndProject
Project("{FAE04EC0-301F-11D3-BF4B-00C04F79EFBC}") = "MVCShopping.Common", "MVCShopping.Common\MVCShopping.Common.csproj", "{C5896988-9D26-46B3-8F03-7E6E46D41A71}"
EndProject
Global
	GlobalSection(SolutionConfigurationPlatforms) = preSolution
		Debug|Any CPU = Debug|Any CPU
		Release|Any CPU = Release|Any CPU
	EndGlobalSection
	GlobalSection(ProjectConfigurationPlatforms) = postSolution
		{411093F0-2A31-4C8A-97FF-B0003D3B6115}.Debug|Any CPU.ActiveCfg = Debug|Any CPU
		{411093F0-2A31-4C8A-97FF-B0003D3B6115}.Debug|Any CPU.Build.0 = Debug|Any CPU
		{411093F0-2A31-4C8A-97FF-B0003D3B6115}.Release|Any CPU.ActiveCfg = Release|Any CPU
		{411093F0-2A31-4C8A-97FF-B0003D3B6115}.Release|Any CPU.Build.0 = Release|Any CPU
		{EF5C7C7F-5F9F-48CF-B377-E7A7D5846529}.Debug|Any CPU.ActiveCfg = Debug|Any CPU
		{EF5C7C7F-5F9F-48CF-B377-E7A7D5846529}.Debug|Any CPU.Build.0 = Debug|Any CPU
		{EF5C7C7F-5F9F-48CF-B377-E7A7D5846529}.Release|Any CPU.ActiveCfg = Release|Any CPU
		{EF5C7C7F-5F9F-48CF-B377-E7A7D5846529}.Release|Any CPU.Build.0 = Release|Any CPU
		{865416D4-83FE-4982-B7A1-D1413C9529D4}.Debug|Any CPU.ActiveCfg = Debug|Any CPU
		{865416D4-83FE-4982-B7A1-D1413C9529D4}.Debug|Any CPU.Build.0 = Debug|Any CPU
		{865416D4-83FE-4982-B7A1-D1413C9529D4}.Release|Any CPU.ActiveCfg = Release|Any CPU
		{865416D4-83FE-4982-B7A1-D1413C9529D4}.Release|Any CPU.Build.0 = Release|Any CPU
		{54203C12-B4F1-408C-A9FA-D6EFE1424409}.Debug|Any CPU.ActiveCfg = Debug|Any CPU
		{54203C12-B4F1-408C-A9FA-D6EFE1424409}.Debug|Any CPU.Build.0 = Debug|Any CPU
		{54203C12-B4F1-408C-A9FA-D6EFE1424409}.Release|Any CPU.ActiveCfg = Release|Any CPU
		{54203C12-B4F1-408C-A9FA-D6EFE1424409}.Release|Any CPU.Build.0 = Release|Any CPU
		{26F449FC-2AB6-4333-BBBA-9A954B51FF99}.Debug|Any CPU.ActiveCfg = Debug|Any CPU
		{26F449FC-2AB6-4333-BBBA-9A954B51FF99}.Debug|Any CPU.Build.0 = Debug|Any CPU
		{26F449FC-2AB6-4333-BBBA-9A954B51FF99}.Release|Any CPU.ActiveCfg = Release|Any CPU
		{26F449FC-2AB6-4333-BBBA-9A954B51FF99}.Release|Any CPU.Build.0 = Release|Any CPU
		{8480FEA2-4A50-46F5-B293-985D25FCB45C}.Debug|Any CPU.ActiveCfg = Debug|Any CPU
		{8480FEA2-4A50-46F5-B293-985D25FCB45C}.Debug|Any CPU.Build.0 = Debug|Any CPU
		{8480FEA2-4A50-46F5-B293-985D25FCB45C}.Release|Any CPU.ActiveCfg = Release|Any CPU
		{8480FEA2-4A50-46F5-B293-985D25FCB45C}.Release|Any CPU.Build.0 = Release|Any CPU
		{C5896988-9D26-46B3-8F03-7E6E46D41A71}.Debug|Any CPU.ActiveCfg = Debug|Any CPU
		{C5896988-9D26-46B3-8F03-7E6E46D41A71}.Debug|Any CPU.Build.0 = Debug|Any CPU
		{C5896988-9D26-46B3-8F03-7E6E46D41A71}.Release|Any CPU.ActiveCfg = Release|Any CPU
		{C5896988-9D26-46B3-8F03-7E6E46D41A71}.Release|Any CPU.Build.0 = Release|Any CPU
	EndGlobalSection
	GlobalSection(SolutionProperties) = preSolution
		HideSolutionNode = FALSE
	EndGlobalSection
	GlobalSection(ExtensibilityGlobals) = postSolution
		SolutionGuid = {FB003CA6-6AF1-40CA-85C8-2A3FCE2C5E51}
	EndGlobalSection
EndGlobal
